
Microsoft Visual Studio Solution File, Format Version 12.00
# Visual Studio Version 17
VisualStudioVersion = 17.14.36616.10 d17.14
MinimumVisualStudioVersion = 10.0.40219.1
Project("{FAE04EC0-301F-11D3-BF4B-00C04F79EFBC}") = "STFMS", "STFMS\STFMS.csproj", "{B0A23983-A603-4E27-A105-93B9C99E2923}"
EndProject
Global
	GlobalSection(SolutionConfigurationPlatforms) = preSolution
		Debug|Any CPU = Debug|Any CPU
		Release|Any CPU = Release|Any CPU
	EndGlobalSection
	GlobalSection(ProjectConfigurationPlatforms) = postSolution
		{B0A23983-A603-4E27-A105-93B9C99E2923}.Debug|Any CPU.ActiveCfg = Debug|Any CPU
		{B0A23983-A603-4E27-A105-93B9C99E2923}.Debug|Any CPU.Build.0 = Debug|Any CPU
		{B0A23983-A603-4E27-A105-93B9C99E2923}.Release|Any CPU.ActiveCfg = Release|Any CPU
		{B0A23983-A603-4E27-A105-93B9C99E2923}.Release|Any CPU.Build.0 = Release|Any CPU
	EndGlobalSection
	GlobalSection(SolutionProperties) = preSolution
		HideSolutionNode = FALSE
	EndGlobalSection
	GlobalSection(ExtensibilityGlobals) = postSolution
		SolutionGuid = {058CBB40-7531-4773-B68C-3E9A7ED36019}
	EndGlobalSection
EndGlobal
